{
  "name": "@godwoken-examples/tools",
  "version": "0.0.1",
  "lockfileVersion": 1,
  "requires": true,
  "dependencies": {
    "@ckb-lumos/base": {
      "version": "0.14.2-rc3",
      "resolved": "https://registry.npmjs.org/@ckb-lumos/base/-/base-0.14.2-rc3.tgz",
      "integrity": "sha512-unFcZrP5jIpGJGNVPfCZrRHoZBXLqn434E6IioABMHzoOaVJkGkDmhlxaIkTyh5Z8QOH5VTIYxsLzSN+3OVrkw==",
      "requires": {
        "blake2b": "^2.1.3",
        "ckb-js-toolkit": "^0.9.2",
        "immutable": "^4.0.0-rc.12",
        "js-xxhash": "^1.0.4"
      }
    },
    "@ckb-lumos/config-manager": {
      "version": "0.14.2-rc3",
      "resolved": "https://registry.npmjs.org/@ckb-lumos/config-manager/-/config-manager-0.14.2-rc3.tgz",
      "integrity": "sha512-F+ARuaRa/l8QLdGFR1j/Zm76TkD/0EMq+I+scBpuOmqBIVUV17SzVSIuRHNJDECIQ+t8DNtPdl9bsdxWhVQGKQ==",
      "requires": {
        "deep-freeze-strict": "^1.1.1"
      }
    },
    "@ckb-lumos/helpers": {
      "version": "0.14.2-rc3",
      "resolved": "https://registry.npmjs.org/@ckb-lumos/helpers/-/helpers-0.14.2-rc3.tgz",
      "integrity": "sha512-1d2ItfH8k6HDvPjnlMJckqj+Yx05V96kkZz+y1128eFzt7n2MC16oPVVfFibv9ebVM2VbbAWMnk1rREzRCMxoQ==",
      "requires": {
        "@ckb-lumos/base": "^0.14.2-rc3",
        "@ckb-lumos/config-manager": "^0.14.2-rc3",
        "bech32": "^1.1.4",
        "ckb-js-toolkit": "^0.9.2",
        "immutable": "^4.0.0-rc.12"
      }
    },
    "bech32": {
      "version": "1.1.4",
      "resolved": "https://registry.npmjs.org/bech32/-/bech32-1.1.4.tgz",
      "integrity": "sha512-s0IrSOzLlbvX7yp4WBfPITzpAU8sqQcpsmwXDiKwrG4r491vwCO/XpejasRNl0piBMe/DvP4Tz0mIS/X1DPJBQ=="
    },
    "blake2b": {
      "version": "2.1.3",
      "resolved": "https://registry.npmjs.org/blake2b/-/blake2b-2.1.3.tgz",
      "integrity": "sha512-pkDss4xFVbMb4270aCyGD3qLv92314Et+FsKzilCLxDz5DuZ2/1g3w4nmBbu6nKApPspnjG7JcwTjGZnduB1yg==",
      "requires": {
        "blake2b-wasm": "^1.1.0",
        "nanoassert": "^1.0.0"
      }
    },
    "blake2b-wasm": {
      "version": "1.1.7",
      "resolved": "https://registry.npmjs.org/blake2b-wasm/-/blake2b-wasm-1.1.7.tgz",
      "integrity": "sha512-oFIHvXhlz/DUgF0kq5B1CqxIDjIJwh9iDeUUGQUcvgiGz7Wdw03McEO7CfLBy7QKGdsydcMCgO9jFNBAFCtFcA==",
      "requires": {
        "nanoassert": "^1.0.0"
      }
    },
    "ckb-js-toolkit": {
      "version": "0.9.3",
      "resolved": "https://registry.npmjs.org/ckb-js-toolkit/-/ckb-js-toolkit-0.9.3.tgz",
      "integrity": "sha512-P/j+0e98alJmulLFJNzcVFAlWu7OqoAjgAbW86Zywh0tU7UQGmTBnv0pEmAmWLFoq7jYmIp/aabf+XfC4kFrtw==",
      "requires": {
        "cross-fetch": "^3.0.6",
        "jsbi": "^3.1.2"
      }
    },
    "cross-fetch": {
      "version": "3.0.6",
      "resolved": "https://registry.npmjs.org/cross-fetch/-/cross-fetch-3.0.6.tgz",
      "integrity": "sha512-KBPUbqgFjzWlVcURG+Svp9TlhA5uliYtiNx/0r8nv0pdypeQCRJ9IaSIc3q/x3q8t3F75cHuwxVql1HFGHCNJQ==",
      "requires": {
        "node-fetch": "2.6.1"
      }
    },
    "deep-freeze-strict": {
      "version": "1.1.1",
      "resolved": "https://registry.npmjs.org/deep-freeze-strict/-/deep-freeze-strict-1.1.1.tgz",
      "integrity": "sha1-d9BYPKJKab5LvZrC+uQV1VUj5bA="
    },
    "immutable": {
      "version": "4.0.0-rc.12",
      "resolved": "https://registry.npmjs.org/immutable/-/immutable-4.0.0-rc.12.tgz",
      "integrity": "sha512-0M2XxkZLx/mi3t8NVwIm1g8nHoEmM9p9UBl/G9k4+hm0kBgOVdMV/B3CY5dQ8qG8qc80NN4gDV4HQv6FTJ5q7A=="
    },
    "js-xxhash": {
      "version": "1.0.4",
      "resolved": "https://registry.npmjs.org/js-xxhash/-/js-xxhash-1.0.4.tgz",
      "integrity": "sha512-S/6Oo7ruxx5k8m4qlMnbpwQdJjRsvvfcIhIk1dA9c5y5GNhYHKYKu9krEK3QgBax6CxJuf4gRL2opgLkdzWIKg=="
    },
    "jsbi": {
      "version": "3.1.4",
      "resolved": "https://registry.npmjs.org/jsbi/-/jsbi-3.1.4.tgz",
      "integrity": "sha512-52QRRFSsi9impURE8ZUbzAMCLjPm4THO7H2fcuIvaaeFTbSysvkodbQQXIVsNgq/ypDbq6dJiuGKL0vZ/i9hUg=="
    },
    "nanoassert": {
      "version": "1.1.0",
      "resolved": "https://registry.npmjs.org/nanoassert/-/nanoassert-1.1.0.tgz",
      "integrity": "sha1-TzFS4JVA/eKMdvRLGbvNHVpCR40="
    },
    "node-fetch": {
      "version": "2.6.1",
      "resolved": "https://registry.npmjs.org/node-fetch/-/node-fetch-2.6.1.tgz",
      "integrity": "sha512-V4aYg89jEoVRxRb2fJdAg8FHvI7cEyYdVAh94HH0UIK8oJxUfkjlDQN9RbMx+bEjP7+ggMiFRprSti032Oipxw=="
    }
  }
}
